
Microsoft Visual Studio Solution File, Format Version 12.00
# Visual Studio Version 16
VisualStudioVersion = 16.0.29709.97
MinimumVisualStudioVersion = 10.0.40219.1
Project("{FAE04EC0-301F-11D3-BF4B-00C04F79EFBC}") = "CrudEntityFramekork", "CrudEntityFramekork\CrudEntityFramekork.csproj", "{64BD853A-4945-49DE-9194-B4F2FD86B886}"
EndProject
Global
	GlobalSection(SolutionConfigurationPlatforms) = preSolution
		Debug|Any CPU = Debug|Any CPU
		Release|Any CPU = Release|Any CPU
	EndGlobalSection
	GlobalSection(ProjectConfigurationPlatforms) = postSolution
		{64BD853A-4945-49DE-9194-B4F2FD86B886}.Debug|Any CPU.ActiveCfg = Debug|Any CPU
		{64BD853A-4945-49DE-9194-B4F2FD86B886}.Debug|Any CPU.Build.0 = Debug|Any CPU
		{64BD853A-4945-49DE-9194-B4F2FD86B886}.Release|Any CPU.ActiveCfg = Release|Any CPU
		{64BD853A-4945-49DE-9194-B4F2FD86B886}.Release|Any CPU.Build.0 = Release|Any CPU
	EndGlobalSection
	GlobalSection(SolutionProperties) = preSolution
		HideSolutionNode = FALSE
	EndGlobalSection
	GlobalSection(ExtensibilityGlobals) = postSolution
		SolutionGuid = {384967CE-DF78-4D43-BC2A-E7FB76A69C65}
	EndGlobalSection
EndGlobal
